
Microsoft Visual Studio Solution File, Format Version 12.00
# Visual Studio 15
VisualStudioVersion = 15.0.27703.2042
MinimumVisualStudioVersion = 10.0.40219.1
Project("{9A19103F-16F7-4668-BE54-9A1E7A4F7556}") = "WindowsillSoft.AdventOfCode2018.Core", "WindowsillSoft.AdventOfCode2018.Core\WindowsillSoft.AdventOfCode2018.Core.csproj", "{F6F78F33-4B75-4294-83C5-3640E3CFC53F}"
EndProject
Project("{FAE04EC0-301F-11D3-BF4B-00C04F79EFBC}") = "WindowsillSoft.AdventOfCode2018.Solutions", "WindowsillSoft.AdventOfCode2018.Solutions\WindowsillSoft.AdventOfCode2018.Solutions.csproj", "{59B0D27B-6D0E-41AC-AF1F-5FA880F88D32}"
EndProject
Project("{FAE04EC0-301F-11D3-BF4B-00C04F79EFBC}") = "Windowsillsoft.AdventOfCode2018.Presentation", "Windowsillsoft.AdventOfCode2018.Presentation\Windowsillsoft.AdventOfCode2018.Presentation.csproj", "{05A0F178-93AA-49FF-A597-CBB0D6710BFD}"
EndProject
Global
	GlobalSection(SolutionConfigurationPlatforms) = preSolution
		Debug|Any CPU = Debug|Any CPU
		Release|Any CPU = Release|Any CPU
	EndGlobalSection
	GlobalSection(ProjectConfigurationPlatforms) = postSolution
		{F6F78F33-4B75-4294-83C5-3640E3CFC53F}.Debug|Any CPU.ActiveCfg = Debug|Any CPU
		{F6F78F33-4B75-4294-83C5-3640E3CFC53F}.Debug|Any CPU.Build.0 = Debug|Any CPU
		{F6F78F33-4B75-4294-83C5-3640E3CFC53F}.Release|Any CPU.ActiveCfg = Release|Any CPU
		{F6F78F33-4B75-4294-83C5-3640E3CFC53F}.Release|Any CPU.Build.0 = Release|Any CPU
		{59B0D27B-6D0E-41AC-AF1F-5FA880F88D32}.Debug|Any CPU.ActiveCfg = Debug|Any CPU
		{59B0D27B-6D0E-41AC-AF1F-5FA880F88D32}.Debug|Any CPU.Build.0 = Debug|Any CPU
		{59B0D27B-6D0E-41AC-AF1F-5FA880F88D32}.Release|Any CPU.ActiveCfg = Release|Any CPU
		{59B0D27B-6D0E-41AC-AF1F-5FA880F88D32}.Release|Any CPU.Build.0 = Release|Any CPU
		{05A0F178-93AA-49FF-A597-CBB0D6710BFD}.Debug|Any CPU.ActiveCfg = Debug|Any CPU
		{05A0F178-93AA-49FF-A597-CBB0D6710BFD}.Debug|Any CPU.Build.0 = Debug|Any CPU
		{05A0F178-93AA-49FF-A597-CBB0D6710BFD}.Release|Any CPU.ActiveCfg = Release|Any CPU
		{05A0F178-93AA-49FF-A597-CBB0D6710BFD}.Release|Any CPU.Build.0 = Release|Any CPU
	EndGlobalSection
	GlobalSection(SolutionProperties) = preSolution
		HideSolutionNode = FALSE
	EndGlobalSection
	GlobalSection(ExtensibilityGlobals) = postSolution
		SolutionGuid = {6EA2A01B-30B0-4EF7-AE43-912ECC19FCE2}
	EndGlobalSection
EndGlobal
