
Microsoft Visual Studio Solution File, Format Version 12.00
# Visual Studio Version 17
VisualStudioVersion = 17.2.32516.85
MinimumVisualStudioVersion = 10.0.40219.1
Project("{9A19103F-16F7-4668-BE54-9A1E7A4F7556}") = "AoC.Common", "AoC.Common\AoC.Common.csproj", "{4F19CEBF-11A4-4750-B397-33CB712F1B5B}"
EndProject
Project("{2150E333-8FDC-42A3-9474-1A3956D46DE8}") = "2021", "2021", "{C437B6CD-4CCE-48D2-A4D4-C125C289948A}"
EndProject
Project("{2150E333-8FDC-42A3-9474-1A3956D46DE8}") = "2022", "2022", "{41FC9049-F7D3-49BE-B168-D0D77A931EFD}"
EndProject
Project("{9A19103F-16F7-4668-BE54-9A1E7A4F7556}") = "Day01", "2021\Day01\Day01.csproj", "{AB502FA2-48ED-4790-89C7-D506D2B9F263}"
EndProject
Project("{9A19103F-16F7-4668-BE54-9A1E7A4F7556}") = "Day02", "2021\Day02\Day02.csproj", "{850956B6-FA34-489C-902D-C3E4C52E51D6}"
EndProject
Project("{9A19103F-16F7-4668-BE54-9A1E7A4F7556}") = "Day03", "2021\Day03\Day03.csproj", "{962873D9-3C52-4A94-8A74-0599AB3D394B}"
EndProject
Project("{9A19103F-16F7-4668-BE54-9A1E7A4F7556}") = "Day04", "2021\Day04\Day04.csproj", "{FDD5A487-0EF5-4518-A55F-CE5302B0EFD1}"
EndProject
Project("{9A19103F-16F7-4668-BE54-9A1E7A4F7556}") = "Day05", "2021\Day05\Day05.csproj", "{6E3356FC-FC75-4632-A5D5-EA986C5486A0}"
EndProject
Project("{9A19103F-16F7-4668-BE54-9A1E7A4F7556}") = "Day06", "2021\Day06\Day06.csproj", "{AD554848-6DC3-453B-802D-1C59F7493C46}"
EndProject
Project("{9A19103F-16F7-4668-BE54-9A1E7A4F7556}") = "Day07", "2021\Day07\Day07.csproj", "{51E4FF4D-9891-4227-A67D-5CD540275D3F}"
EndProject
Project("{9A19103F-16F7-4668-BE54-9A1E7A4F7556}") = "Day08", "2021\Day08\Day08.csproj", "{F34F1875-AAD0-445D-BD64-41A7CFE55DF4}"
EndProject
Project("{9A19103F-16F7-4668-BE54-9A1E7A4F7556}") = "Day09", "2021\Day09\Day09.csproj", "{3D515E38-1436-4967-A674-096E8B5D8A56}"
EndProject
Project("{9A19103F-16F7-4668-BE54-9A1E7A4F7556}") = "Day10", "2021\Day10\Day10.csproj", "{9945E3C1-E926-404B-95D5-A59682F10BD7}"
EndProject
Project("{9A19103F-16F7-4668-BE54-9A1E7A4F7556}") = "Day11", "2021\Day11\Day11.csproj", "{719F5CFC-B531-4CA1-AA9E-4921CE26A3B8}"
EndProject
Project("{9A19103F-16F7-4668-BE54-9A1E7A4F7556}") = "Day01", "2022\Day01\Day01.csproj", "{6C262A2A-FD47-4462-9C4C-E834B8CE2E81}"
EndProject
Project("{9A19103F-16F7-4668-BE54-9A1E7A4F7556}") = "Day02", "2022\Day02\Day02.csproj", "{045FCF95-A82C-4958-86F2-21A2F1E0117C}"
EndProject
Project("{9A19103F-16F7-4668-BE54-9A1E7A4F7556}") = "Day03", "2022\Day03\Day03.csproj", "{8DCE91B1-A5FC-48AA-BF29-DEB064826FE5}"
EndProject
Project("{9A19103F-16F7-4668-BE54-9A1E7A4F7556}") = "Day12", "2021\Day12\Day12.csproj", "{42FFB2C0-D873-4A32-8459-CC6CB78C9388}"
EndProject
Project("{9A19103F-16F7-4668-BE54-9A1E7A4F7556}") = "Day13", "2021\Day13\Day13.csproj", "{C6A6254E-B3F9-4349-A1C9-B61477744170}"
EndProject
Project("{9A19103F-16F7-4668-BE54-9A1E7A4F7556}") = "Day14", "2021\Day14\Day14.csproj", "{7D397E82-315A-4808-BBC7-3CA998D66D1B}"
EndProject
Project("{9A19103F-16F7-4668-BE54-9A1E7A4F7556}") = "Day15", "2021\Day15\Day15.csproj", "{6F13FE46-8A0E-4DEA-8092-80BC12A62627}"
EndProject
Global
	GlobalSection(SolutionConfigurationPlatforms) = preSolution
		Debug|Any CPU = Debug|Any CPU
		Release|Any CPU = Release|Any CPU
	EndGlobalSection
	GlobalSection(ProjectConfigurationPlatforms) = postSolution
		{4F19CEBF-11A4-4750-B397-33CB712F1B5B}.Debug|Any CPU.ActiveCfg = Debug|Any CPU
		{4F19CEBF-11A4-4750-B397-33CB712F1B5B}.Debug|Any CPU.Build.0 = Debug|Any CPU
		{4F19CEBF-11A4-4750-B397-33CB712F1B5B}.Release|Any CPU.ActiveCfg = Release|Any CPU
		{4F19CEBF-11A4-4750-B397-33CB712F1B5B}.Release|Any CPU.Build.0 = Release|Any CPU
		{AB502FA2-48ED-4790-89C7-D506D2B9F263}.Debug|Any CPU.ActiveCfg = Debug|Any CPU
		{AB502FA2-48ED-4790-89C7-D506D2B9F263}.Debug|Any CPU.Build.0 = Debug|Any CPU
		{AB502FA2-48ED-4790-89C7-D506D2B9F263}.Release|Any CPU.ActiveCfg = Release|Any CPU
		{AB502FA2-48ED-4790-89C7-D506D2B9F263}.Release|Any CPU.Build.0 = Release|Any CPU
		{850956B6-FA34-489C-902D-C3E4C52E51D6}.Debug|Any CPU.ActiveCfg = Debug|Any CPU
		{850956B6-FA34-489C-902D-C3E4C52E51D6}.Debug|Any CPU.Build.0 = Debug|Any CPU
		{850956B6-FA34-489C-902D-C3E4C52E51D6}.Release|Any CPU.ActiveCfg = Release|Any CPU
		{850956B6-FA34-489C-902D-C3E4C52E51D6}.Release|Any CPU.Build.0 = Release|Any CPU
		{962873D9-3C52-4A94-8A74-0599AB3D394B}.Debug|Any CPU.ActiveCfg = Debug|Any CPU
		{962873D9-3C52-4A94-8A74-0599AB3D394B}.Debug|Any CPU.Build.0 = Debug|Any CPU
		{962873D9-3C52-4A94-8A74-0599AB3D394B}.Release|Any CPU.ActiveCfg = Release|Any CPU
		{962873D9-3C52-4A94-8A74-0599AB3D394B}.Release|Any CPU.Build.0 = Release|Any CPU
		{FDD5A487-0EF5-4518-A55F-CE5302B0EFD1}.Debug|Any CPU.ActiveCfg = Debug|Any CPU
		{FDD5A487-0EF5-4518-A55F-CE5302B0EFD1}.Debug|Any CPU.Build.0 = Debug|Any CPU
		{FDD5A487-0EF5-4518-A55F-CE5302B0EFD1}.Release|Any CPU.ActiveCfg = Release|Any CPU
		{FDD5A487-0EF5-4518-A55F-CE5302B0EFD1}.Release|Any CPU.Build.0 = Release|Any CPU
		{6E3356FC-FC75-4632-A5D5-EA986C5486A0}.Debug|Any CPU.ActiveCfg = Debug|Any CPU
		{6E3356FC-FC75-4632-A5D5-EA986C5486A0}.Debug|Any CPU.Build.0 = Debug|Any CPU
		{6E3356FC-FC75-4632-A5D5-EA986C5486A0}.Release|Any CPU.ActiveCfg = Release|Any CPU
		{6E3356FC-FC75-4632-A5D5-EA986C5486A0}.Release|Any CPU.Build.0 = Release|Any CPU
		{AD554848-6DC3-453B-802D-1C59F7493C46}.Debug|Any CPU.ActiveCfg = Debug|Any CPU
		{AD554848-6DC3-453B-802D-1C59F7493C46}.Debug|Any CPU.Build.0 = Debug|Any CPU
		{AD554848-6DC3-453B-802D-1C59F7493C46}.Release|Any CPU.ActiveCfg = Release|Any CPU
		{AD554848-6DC3-453B-802D-1C59F7493C46}.Release|Any CPU.Build.0 = Release|Any CPU
		{51E4FF4D-9891-4227-A67D-5CD540275D3F}.Debug|Any CPU.ActiveCfg = Debug|Any CPU
		{51E4FF4D-9891-4227-A67D-5CD540275D3F}.Debug|Any CPU.Build.0 = Debug|Any CPU
		{51E4FF4D-9891-4227-A67D-5CD540275D3F}.Release|Any CPU.ActiveCfg = Release|Any CPU
		{51E4FF4D-9891-4227-A67D-5CD540275D3F}.Release|Any CPU.Build.0 = Release|Any CPU
		{F34F1875-AAD0-445D-BD64-41A7CFE55DF4}.Debug|Any CPU.ActiveCfg = Debug|Any CPU
		{F34F1875-AAD0-445D-BD64-41A7CFE55DF4}.Debug|Any CPU.Build.0 = Debug|Any CPU
		{F34F1875-AAD0-445D-BD64-41A7CFE55DF4}.Release|Any CPU.ActiveCfg = Release|Any CPU
		{F34F1875-AAD0-445D-BD64-41A7CFE55DF4}.Release|Any CPU.Build.0 = Release|Any CPU
		{3D515E38-1436-4967-A674-096E8B5D8A56}.Debug|Any CPU.ActiveCfg = Debug|Any CPU
		{3D515E38-1436-4967-A674-096E8B5D8A56}.Debug|Any CPU.Build.0 = Debug|Any CPU
		{3D515E38-1436-4967-A674-096E8B5D8A56}.Release|Any CPU.ActiveCfg = Release|Any CPU
		{3D515E38-1436-4967-A674-096E8B5D8A56}.Release|Any CPU.Build.0 = Release|Any CPU
		{9945E3C1-E926-404B-95D5-A59682F10BD7}.Debug|Any CPU.ActiveCfg = Debug|Any CPU
		{9945E3C1-E926-404B-95D5-A59682F10BD7}.Debug|Any CPU.Build.0 = Debug|Any CPU
		{9945E3C1-E926-404B-95D5-A59682F10BD7}.Release|Any CPU.ActiveCfg = Release|Any CPU
		{9945E3C1-E926-404B-95D5-A59682F10BD7}.Release|Any CPU.Build.0 = Release|Any CPU
		{719F5CFC-B531-4CA1-AA9E-4921CE26A3B8}.Debug|Any CPU.ActiveCfg = Debug|Any CPU
		{719F5CFC-B531-4CA1-AA9E-4921CE26A3B8}.Debug|Any CPU.Build.0 = Debug|Any CPU
		{719F5CFC-B531-4CA1-AA9E-4921CE26A3B8}.Release|Any CPU.ActiveCfg = Release|Any CPU
		{719F5CFC-B531-4CA1-AA9E-4921CE26A3B8}.Release|Any CPU.Build.0 = Release|Any CPU
		{6C262A2A-FD47-4462-9C4C-E834B8CE2E81}.Debug|Any CPU.ActiveCfg = Debug|Any CPU
		{6C262A2A-FD47-4462-9C4C-E834B8CE2E81}.Debug|Any CPU.Build.0 = Debug|Any CPU
		{6C262A2A-FD47-4462-9C4C-E834B8CE2E81}.Release|Any CPU.ActiveCfg = Release|Any CPU
		{6C262A2A-FD47-4462-9C4C-E834B8CE2E81}.Release|Any CPU.Build.0 = Release|Any CPU
		{045FCF95-A82C-4958-86F2-21A2F1E0117C}.Debug|Any CPU.ActiveCfg = Debug|Any CPU
		{045FCF95-A82C-4958-86F2-21A2F1E0117C}.Debug|Any CPU.Build.0 = Debug|Any CPU
		{045FCF95-A82C-4958-86F2-21A2F1E0117C}.Release|Any CPU.ActiveCfg = Release|Any CPU
		{045FCF95-A82C-4958-86F2-21A2F1E0117C}.Release|Any CPU.Build.0 = Release|Any CPU
		{8DCE91B1-A5FC-48AA-BF29-DEB064826FE5}.Debug|Any CPU.ActiveCfg = Debug|Any CPU
		{8DCE91B1-A5FC-48AA-BF29-DEB064826FE5}.Debug|Any CPU.Build.0 = Debug|Any CPU
		{8DCE91B1-A5FC-48AA-BF29-DEB064826FE5}.Release|Any CPU.ActiveCfg = Release|Any CPU
		{8DCE91B1-A5FC-48AA-BF29-DEB064826FE5}.Release|Any CPU.Build.0 = Release|Any CPU
		{42FFB2C0-D873-4A32-8459-CC6CB78C9388}.Debug|Any CPU.ActiveCfg = Debug|Any CPU
		{42FFB2C0-D873-4A32-8459-CC6CB78C9388}.Debug|Any CPU.Build.0 = Debug|Any CPU
		{42FFB2C0-D873-4A32-8459-CC6CB78C9388}.Release|Any CPU.ActiveCfg = Release|Any CPU
		{42FFB2C0-D873-4A32-8459-CC6CB78C9388}.Release|Any CPU.Build.0 = Release|Any CPU
		{C6A6254E-B3F9-4349-A1C9-B61477744170}.Debug|Any CPU.ActiveCfg = Debug|Any CPU
		{C6A6254E-B3F9-4349-A1C9-B61477744170}.Debug|Any CPU.Build.0 = Debug|Any CPU
		{C6A6254E-B3F9-4349-A1C9-B61477744170}.Release|Any CPU.ActiveCfg = Release|Any CPU
		{C6A6254E-B3F9-4349-A1C9-B61477744170}.Release|Any CPU.Build.0 = Release|Any CPU
		{7D397E82-315A-4808-BBC7-3CA998D66D1B}.Debug|Any CPU.ActiveCfg = Debug|Any CPU
		{7D397E82-315A-4808-BBC7-3CA998D66D1B}.Debug|Any CPU.Build.0 = Debug|Any CPU
		{7D397E82-315A-4808-BBC7-3CA998D66D1B}.Release|Any CPU.ActiveCfg = Release|Any CPU
		{7D397E82-315A-4808-BBC7-3CA998D66D1B}.Release|Any CPU.Build.0 = Release|Any CPU
		{6F13FE46-8A0E-4DEA-8092-80BC12A62627}.Debug|Any CPU.ActiveCfg = Debug|Any CPU
		{6F13FE46-8A0E-4DEA-8092-80BC12A62627}.Debug|Any CPU.Build.0 = Debug|Any CPU
		{6F13FE46-8A0E-4DEA-8092-80BC12A62627}.Release|Any CPU.ActiveCfg = Release|Any CPU
		{6F13FE46-8A0E-4DEA-8092-80BC12A62627}.Release|Any CPU.Build.0 = Release|Any CPU
	EndGlobalSection
	GlobalSection(SolutionProperties) = preSolution
		HideSolutionNode = FALSE
	EndGlobalSection
	GlobalSection(NestedProjects) = preSolution
		{AB502FA2-48ED-4790-89C7-D506D2B9F263} = {C437B6CD-4CCE-48D2-A4D4-C125C289948A}
		{850956B6-FA34-489C-902D-C3E4C52E51D6} = {C437B6CD-4CCE-48D2-A4D4-C125C289948A}
		{962873D9-3C52-4A94-8A74-0599AB3D394B} = {C437B6CD-4CCE-48D2-A4D4-C125C289948A}
		{FDD5A487-0EF5-4518-A55F-CE5302B0EFD1} = {C437B6CD-4CCE-48D2-A4D4-C125C289948A}
		{6E3356FC-FC75-4632-A5D5-EA986C5486A0} = {C437B6CD-4CCE-48D2-A4D4-C125C289948A}
		{AD554848-6DC3-453B-802D-1C59F7493C46} = {C437B6CD-4CCE-48D2-A4D4-C125C289948A}
		{51E4FF4D-9891-4227-A67D-5CD540275D3F} = {C437B6CD-4CCE-48D2-A4D4-C125C289948A}
		{F34F1875-AAD0-445D-BD64-41A7CFE55DF4} = {C437B6CD-4CCE-48D2-A4D4-C125C289948A}
		{3D515E38-1436-4967-A674-096E8B5D8A56} = {C437B6CD-4CCE-48D2-A4D4-C125C289948A}
		{9945E3C1-E926-404B-95D5-A59682F10BD7} = {C437B6CD-4CCE-48D2-A4D4-C125C289948A}
		{719F5CFC-B531-4CA1-AA9E-4921CE26A3B8} = {C437B6CD-4CCE-48D2-A4D4-C125C289948A}
		{6C262A2A-FD47-4462-9C4C-E834B8CE2E81} = {41FC9049-F7D3-49BE-B168-D0D77A931EFD}
		{045FCF95-A82C-4958-86F2-21A2F1E0117C} = {41FC9049-F7D3-49BE-B168-D0D77A931EFD}
		{8DCE91B1-A5FC-48AA-BF29-DEB064826FE5} = {41FC9049-F7D3-49BE-B168-D0D77A931EFD}
		{42FFB2C0-D873-4A32-8459-CC6CB78C9388} = {C437B6CD-4CCE-48D2-A4D4-C125C289948A}
		{C6A6254E-B3F9-4349-A1C9-B61477744170} = {C437B6CD-4CCE-48D2-A4D4-C125C289948A}
		{7D397E82-315A-4808-BBC7-3CA998D66D1B} = {C437B6CD-4CCE-48D2-A4D4-C125C289948A}
		{6F13FE46-8A0E-4DEA-8092-80BC12A62627} = {C437B6CD-4CCE-48D2-A4D4-C125C289948A}
	EndGlobalSection
	GlobalSection(ExtensibilityGlobals) = postSolution
		SolutionGuid = {42BCEBFB-7A77-4D06-9D24-BFBFB24AE269}
	EndGlobalSection
EndGlobal
